// !$*UTF8*$!
{
	archiveVersion = 1;
	classes = {
	};
	objectVersion = 55;
	objects = {

/* Begin PBXBuildFile section */
		650ECE8051EFEE2608AC7721 /* Pods_TestCalendar.framework in Frameworks */ = {isa = PBXBuildFile; fileRef = 0A7BCFB1F0CF22AA23B4FB23 /* Pods_TestCalendar.framework */; };
		F05CA1C4284FAA8000844B08 /* AppDelegate.swift in Sources */ = {isa = PBXBuildFile; fileRef = F05CA1C3284FAA8000844B08 /* AppDelegate.swift */; };
		F05CA1C6284FAA8000844B08 /* SceneDelegate.swift in Sources */ = {isa = PBXBuildFile; fileRef = F05CA1C5284FAA8000844B08 /* SceneDelegate.swift */; };
		F05CA1C8284FAA8000844B08 /* ViewController.swift in Sources */ = {isa = PBXBuildFile; fileRef = F05CA1C7284FAA8000844B08 /* ViewController.swift */; };
		F05CA1CB284FAA8000844B08 /* Main.storyboard in Resources */ = {isa = PBXBuildFile; fileRef = F05CA1C9284FAA8000844B08 /* Main.storyboard */; };
		F05CA1CE284FAA8000844B08 /* TestCalendar.xcdatamodeld in Sources */ = {isa = PBXBuildFile; fileRef = F05CA1CC284FAA8000844B08 /* TestCalendar.xcdatamodeld */; };
		F05CA1D0284FAA8100844B08 /* Assets.xcassets in Resources */ = {isa = PBXBuildFile; fileRef = F05CA1CF284FAA8100844B08 /* Assets.xcassets */; };
		F05CA1D3284FAA8100844B08 /* LaunchScreen.storyboard in Resources */ = {isa = PBXBuildFile; fileRef = F05CA1D1284FAA8100844B08 /* LaunchScreen.storyboard */; };
/* End PBXBuildFile section */

/* Begin PBXFileReference section */
		0A7BCFB1F0CF22AA23B4FB23 /* Pods_TestCalendar.framework */ = {isa = PBXFileReference; explicitFileType = wrapper.framework; includeInIndex = 0; path = Pods_TestCalendar.framework; sourceTree = BUILT_PRODUCTS_DIR; };
		19D37A9682DFA3D8957776F6 /* Pods-TestCalendar.release.xcconfig */ = {isa = PBXFileReference; includeInIndex = 1; lastKnownFileType = text.xcconfig; name = "Pods-TestCalendar.release.xcconfig"; path = "Target Support Files/Pods-TestCalendar/Pods-TestCalendar.release.xcconfig"; sourceTree = "<group>"; };
		2E4F5DD2644675FE6A659216 /* Pods-TestCalendar.debug.xcconfig */ = {isa = PBXFileReference; includeInIndex = 1; lastKnownFileType = text.xcconfig; name = "Pods-TestCalendar.debug.xcconfig"; path = "Target Support Files/Pods-TestCalendar/Pods-TestCalendar.debug.xcconfig"; sourceTree = "<group>"; };
		F05CA1C0284FAA8000844B08 /* TestCalendar.app */ = {isa = PBXFileReference; explicitFileType = wrapper.application; includeInIndex = 0; path = TestCalendar.app; sourceTree = BUILT_PRODUCTS_DIR; };
		F05CA1C3284FAA8000844B08 /* AppDelegate.swift */ = {isa = PBXFileReference; lastKnownFileType = sourcecode.swift; path = AppDelegate.swift; sourceTree = "<group>"; };
		F05CA1C5284FAA8000844B08 /* SceneDelegate.swift */ = {isa = PBXFileReference; lastKnownFileType = sourcecode.swift; path = SceneDelegate.swift; sourceTree = "<group>"; };
		F05CA1C7284FAA8000844B08 /* ViewController.swift */ = {isa = PBXFileReference; lastKnownFileType = sourcecode.swift; path = ViewController.swift; sourceTree = "<group>"; };
		F05CA1CA284FAA8000844B08 /* Base */ = {isa = PBXFileReference; lastKnownFileType = file.storyboard; name = Base; path = Base.lproj/Main.storyboard; sourceTree = "<group>"; };
		F05CA1CD284FAA8000844B08 /* TestCalendar.xcdatamodel */ = {isa = PBXFileReference; lastKnownFileType = wrapper.xcdatamodel; path = TestCalendar.xcdatamodel; sourceTree = "<group>"; };
		F05CA1CF284FAA8100844B08 /* Assets.xcassets */ = {isa = PBXFileReference; lastKnownFileType = folder.assetcatalog; path = Assets.xcassets; sourceTree = "<group>"; };
		F05CA1D2284FAA8100844B08 /* Base */ = {isa = PBXFileReference; lastKnownFileType = file.storyboard; name = Base; path = Base.lproj/LaunchScreen.storyboard; sourceTree = "<group>"; };
		F05CA1D4284FAA8100844B08 /* Info.plist */ = {isa = PBXFileReference; lastKnownFileType = text.plist.xml; path = Info.plist; sourceTree = "<group>"; };
/* End PBXFileReference section */

/* Begin PBXFrameworksBuildPhase section */
		F05CA1BD284FAA8000844B08 /* Frameworks */ = {
			isa = PBXFrameworksBuildPhase;
			buildActionMask = 2147483647;
			files = (
				650ECE8051EFEE2608AC7721 /* Pods_TestCalendar.framework in Frameworks */,
			);
			runOnlyForDeploymentPostprocessing = 0;
		};
/* End PBXFrameworksBuildPhase section */

/* Begin PBXGroup section */
		39AF8C4DB80FEBCD2948CF79 /* Frameworks */ = {
			isa = PBXGroup;
			children = (
				0A7BCFB1F0CF22AA23B4FB23 /* Pods_TestCalendar.framework */,
			);
			name = Frameworks;
			sourceTree = "<group>";
		};
		837A7CA29FC699EA4C3836E6 /* Pods */ = {
			isa = PBXGroup;
			children = (
				2E4F5DD2644675FE6A659216 /* Pods-TestCalendar.debug.xcconfig */,
				19D37A9682DFA3D8957776F6 /* Pods-TestCalendar.release.xcconfig */,
			);
			name = Pods;
			path = Pods;
			sourceTree = "<group>";
		};
		F05CA1B7284FAA8000844B08 = {
			isa = PBXGroup;
			children = (
				F05CA1C2284FAA8000844B08 /* TestCalendar */,
				F05CA1C1284FAA8000844B08 /* Products */,
				837A7CA29FC699EA4C3836E6 /* Pods */,
				39AF8C4DB80FEBCD2948CF79 /* Frameworks */,
			);
			sourceTree = "<group>";
		};
		F05CA1C1284FAA8000844B08 /* Products */ = {
			isa = PBXGroup;
			children = (
				F05CA1C0284FAA8000844B08 /* TestCalendar.app */,
			);
			name = Products;
			sourceTree = "<group>";
		};
		F05CA1C2284FAA8000844B08 /* TestCalendar */ = {
			isa = PBXGroup;
			children = (
				F05CA1C3284FAA8000844B08 /* AppDelegate.swift */,
				F05CA1C5284FAA8000844B08 /* SceneDelegate.swift */,
				F05CA1C7284FAA8000844B08 /* ViewController.swift */,
				F05CA1C9284FAA8000844B08 /* Main.storyboard */,
				F05CA1CF284FAA8100844B08 /* Assets.xcassets */,
				F05CA1D1284FAA8100844B08 /* LaunchScreen.storyboard */,
				F05CA1D4284FAA8100844B08 /* Info.plist */,
				F05CA1CC284FAA8000844B08 /* TestCalendar.xcdatamodeld */,
			);
			path = TestCalendar;
			sourceTree = "<group>";
		};
/* End PBXGroup section */

/* Begin PBXNativeTarget section */
		F05CA1BF284FAA8000844B08 /* TestCalendar */ = {
			isa = PBXNativeTarget;
			buildConfigurationList = F05CA1D7284FAA8100844B08 /* Build configuration list for PBXNativeTarget "TestCalendar" */;
			buildPhases = (
				CDCEBB2ABC18CCF09E3D8BAC /* [CP] Check Pods Manifest.lock */,
				F05CA1BC284FAA8000844B08 /* Sources */,
				F05CA1BD284FAA8000844B08 /* Frameworks */,
				F05CA1BE284FAA8000844B08 /* Resources */,
				ABD1BCDF2FB1442C1B744683 /* [CP] Embed Pods Frameworks */,
			);
			buildRules = (
			);
			dependencies = (
			);
			name = TestCalendar;
			productName = TestCalendar;
			productReference = F05CA1C0284FAA8000844B08 /* TestCalendar.app */;
			productType = "com.apple.product-type.application";
		};
/* End PBXNativeTarget section */

/* Begin PBXProject section */
		F05CA1B8284FAA8000844B08 /* Project object */ = {
			isa = PBXProject;
			attributes = {
				BuildIndependentTargetsInParallel = 1;
				LastSwiftUpdateCheck = 1330;
				LastUpgradeCheck = 1330;
				TargetAttributes = {
					F05CA1BF284FAA8000844B08 = {
						CreatedOnToolsVersion = 13.3.1;
					};
				};
			};
			buildConfigurationList = F05CA1BB284FAA8000844B08 /* Build configuration list for PBXProject "TestCalendar" */;
			compatibilityVersion = "Xcode 13.0";
			developmentRegion = en;
			hasScannedForEncodings = 0;
			knownRegions = (
				en,
				Base,
			);
			mainGroup = F05CA1B7284FAA8000844B08;
			productRefGroup = F05CA1C1284FAA8000844B08 /* Products */;
			projectDirPath = "";
			projectRoot = "";
			targets = (
				F05CA1BF284FAA8000844B08 /* TestCalendar */,
			);
		};
/* End PBXProject section */

/* Begin PBXResourcesBuildPhase section */
		F05CA1BE284FAA8000844B08 /* Resources */ = {
			isa = PBXResourcesBuildPhase;
			buildActionMask = 2147483647;
			files = (
				F05CA1D3284FAA8100844B08 /* LaunchScreen.storyboard in Resources */,
				F05CA1D0284FAA8100844B08 /* Assets.xcassets in Resources */,
				F05CA1CB284FAA8000844B08 /* Main.storyboard in Resources */,
			);
			runOnlyForDeploymentPostprocessing = 0;
		};
/* End PBXResourcesBuildPhase section */

/* Begin PBXShellScriptBuildPhase section */
		ABD1BCDF2FB1442C1B744683 /* [CP] Embed Pods Frameworks */ = {
			isa = PBXShellScriptBuildPhase;
			buildActionMask = 2147483647;
			files = (
			);
			inputFileListPaths = (
				"${PODS_ROOT}/Target Support Files/Pods-TestCalendar/Pods-TestCalendar-frameworks-${CONFIGURATION}-input-files.xcfilelist",
			);
			name = "[CP] Embed Pods Frameworks";
			outputFileListPaths = (
				"${PODS_ROOT}/Target Support Files/Pods-TestCalendar/Pods-TestCalendar-frameworks-${CONFIGURATION}-output-files.xcfilelist",
			);
			runOnlyForDeploymentPostprocessing = 0;
			shellPath = /bin/sh;
			shellScript = "\"${PODS_ROOT}/Target Support Files/Pods-TestCalendar/Pods-TestCalendar-frameworks.sh\"\n";
			showEnvVarsInLog = 0;
		};
		CDCEBB2ABC18CCF09E3D8BAC /* [CP] Check Pods Manifest.lock */ = {
			isa = PBXShellScriptBuildPhase;
			buildActionMask = 2147483647;
			files = (
			);
			inputFileListPaths = (
			);
			inputPaths = (
				"${PODS_PODFILE_DIR_PATH}/Podfile.lock",
				"${PODS_ROOT}/Manifest.lock",
			);
			name = "[CP] Check Pods Manifest.lock";
			outputFileListPaths = (
			);
			outputPaths = (
				"$(DERIVED_FILE_DIR)/Pods-TestCalendar-checkManifestLockResult.txt",
			);
			runOnlyForDeploymentPostprocessing = 0;
			shellPath = /bin/sh;
			shellScript = "diff \"${PODS_PODFILE_DIR_PATH}/Podfile.lock\" \"${PODS_ROOT}/Manifest.lock\" > /dev/null\nif [ $? != 0 ] ; then\n    # print error to STDERR\n    echo \"error: The sandbox is not in sync with the Podfile.lock. Run 'pod install' or update your CocoaPods installation.\" >&2\n    exit 1\nfi\n# This output is used by Xcode 'outputs' to avoid re-running this script phase.\necho \"SUCCESS\" > \"${SCRIPT_OUTPUT_FILE_0}\"\n";
			showEnvVarsInLog = 0;
		};
/* End PBXShellScriptBuildPhase section */

/* Begin PBXSourcesBuildPhase section */
		F05CA1BC284FAA8000844B08 /* Sources */ = {
			isa = PBXSourcesBuildPhase;
			buildActionMask = 2147483647;
			files = (
				F05CA1C8284FAA8000844B08 /* ViewController.swift in Sources */,
				F05CA1C4284FAA8000844B08 /* AppDelegate.swift in Sources */,
				F05CA1C6284FAA8000844B08 /* SceneDelegate.swift in Sources */,
				F05CA1CE284FAA8000844B08 /* TestCalendar.xcdatamodeld in Sources */,
			);
			runOnlyForDeploymentPostprocessing = 0;
		};
/* End PBXSourcesBuildPhase section */

/* Begin PBXVariantGroup section */
		F05CA1C9284FAA8000844B08 /* Main.storyboard */ = {
			isa = PBXVariantGroup;
			children = (
				F05CA1CA284FAA8000844B08 /* Base */,
			);
			name = Main.storyboard;
			sourceTree = "<group>";
		};
		F05CA1D1284FAA8100844B08 /* LaunchScreen.storyboard */ = {
			isa = PBXVariantGroup;
			children = (
				F05CA1D2284FAA8100844B08 /* Base */,
			);
			name = LaunchScreen.storyboard;
			sourceTree = "<group>";
		};
/* End PBXVariantGroup section */

/* Begin XCBuildConfiguration section */
		F05CA1D5284FAA8100844B08 /* Debug */ = {
			isa = XCBuildConfiguration;
			buildSettings = {
				ALWAYS_SEARCH_USER_PATHS = NO;
				CLANG_ANALYZER_NONNULL = YES;
				CLANG_ANALYZER_NUMBER_OBJECT_CONVERSION = YES_AGGRESSIVE;
				CLANG_CXX_LANGUAGE_STANDARD = "gnu++17";
				CLANG_ENABLE_MODULES = YES;
				CLANG_ENABLE_OBJC_ARC = YES;
				CLANG_ENABLE_OBJC_WEAK = YES;
				CLANG_WARN_BLOCK_CAPTURE_AUTORELEASING = YES;
				CLANG_WARN_BOOL_CONVERSION = YES;
				CLANG_WARN_COMMA = YES;
				CLANG_WARN_CONSTANT_CONVERSION = YES;
				CLANG_WARN_DEPRECATED_OBJC_IMPLEMENTATIONS = YES;
				CLANG_WARN_DIRECT_OBJC_ISA_USAGE = YES_ERROR;
				CLANG_WARN_DOCUMENTATION_COMMENTS = YES;
				CLANG_WARN_EMPTY_BODY = YES;
				CLANG_WARN_ENUM_CONVERSION = YES;
				CLANG_WARN_INFINITE_RECURSION = YES;
				CLANG_WARN_INT_CONVERSION = YES;
				CLANG_WARN_NON_LITERAL_NULL_CONVERSION = YES;
				CLANG_WARN_OBJC_IMPLICIT_RETAIN_SELF = YES;
				CLANG_WARN_OBJC_LITERAL_CONVERSION = YES;
				CLANG_WARN_OBJC_ROOT_CLASS = YES_ERROR;
				CLANG_WARN_QUOTED_INCLUDE_IN_FRAMEWORK_HEADER = YES;
				CLANG_WARN_RANGE_LOOP_ANALYSIS = YES;
				CLANG_WARN_STRICT_PROTOTYPES = YES;
				CLANG_WARN_SUSPICIOUS_MOVE = YES;
				CLANG_WARN_UNGUARDED_AVAILABILITY = YES_AGGRESSIVE;
				CLANG_WARN_UNREACHABLE_CODE = YES;
				CLANG_WARN__DUPLICATE_METHOD_MATCH = YES;
				COPY_PHASE_STRIP = NO;
				DEBUG_INFORMATION_FORMAT = dwarf;
				ENABLE_STRICT_OBJC_MSGSEND = YES;
				ENABLE_TESTABILITY = YES;
				GCC_C_LANGUAGE_STANDARD = gnu11;
				GCC_DYNAMIC_NO_PIC = NO;
				GCC_NO_COMMON_BLOCKS = YES;
				GCC_OPTIMIZATION_LEVEL = 0;
				GCC_PREPROCESSOR_DEFINITIONS = (
					"DEBUG=1",
					"$(inherited)",
				);
				GCC_WARN_64_TO_32_BIT_CONVERSION = YES;
				GCC_WARN_ABOUT_RETURN_TYPE = YES_ERROR;
				GCC_WARN_UNDECLARED_SELECTOR = YES;
				GCC_WARN_UNINITIALIZED_AUTOS = YES_AGGRESSIVE;
				GCC_WARN_UNUSED_FUNCTION = YES;
				GCC_WARN_UNUSED_VARIABLE = YES;
				IPHONEOS_DEPLOYMENT_TARGET = 15.4;
				MTL_ENABLE_DEBUG_INFO = INCLUDE_SOURCE;
				MTL_FAST_MATH = YES;
				ONLY_ACTIVE_ARCH = YES;
				SDKROOT = iphoneos;
				SWIFT_ACTIVE_COMPILATION_CONDITIONS = DEBUG;
				SWIFT_OPTIMIZATION_LEVEL = "-Onone";
			};
			name = Debug;
		};
		F05CA1D6284FAA8100844B08 /* Release */ = {
			isa = XCBuildConfiguration;
			buildSettings = {
				ALWAYS_SEARCH_USER_PATHS = NO;
				CLANG_ANALYZER_NONNULL = YES;
				CLANG_ANALYZER_NUMBER_OBJECT_CONVERSION = YES_AGGRESSIVE;
				CLANG_CXX_LANGUAGE_STANDARD = "gnu++17";
				CLANG_ENABLE_MODULES = YES;
				CLANG_ENABLE_OBJC_ARC = YES;
				CLANG_ENABLE_OBJC_WEAK = YES;
				CLANG_WARN_BLOCK_CAPTURE_AUTORELEASING = YES;
				CLANG_WARN_BOOL_CONVERSION = YES;
				CLANG_WARN_COMMA = YES;
				CLANG_WARN_CONSTANT_CONVERSION = YES;
				CLANG_WARN_DEPRECATED_OBJC_IMPLEMENTATIONS = YES;
				CLANG_WARN_DIRECT_OBJC_ISA_USAGE = YES_ERROR;
				CLANG_WARN_DOCUMENTATION_COMMENTS = YES;
				CLANG_WARN_EMPTY_BODY = YES;
				CLANG_WARN_ENUM_CONVERSION = YES;
				CLANG_WARN_INFINITE_RECURSION = YES;
				CLANG_WARN_INT_CONVERSION = YES;
				CLANG_WARN_NON_LITERAL_NULL_CONVERSION = YES;
				CLANG_WARN_OBJC_IMPLICIT_RETAIN_SELF = YES;
				CLANG_WARN_OBJC_LITERAL_CONVERSION = YES;
				CLANG_WARN_OBJC_ROOT_CLASS = YES_ERROR;
				CLANG_WARN_QUOTED_INCLUDE_IN_FRAMEWORK_HEADER = YES;
				CLANG_WARN_RANGE_LOOP_ANALYSIS = YES;
				CLANG_WARN_STRICT_PROTOTYPES = YES;
				CLANG_WARN_SUSPICIOUS_MOVE = YES;
				CLANG_WARN_UNGUARDED_AVAILABILITY = YES_AGGRESSIVE;
				CLANG_WARN_UNREACHABLE_CODE = YES;
				CLANG_WARN__DUPLICATE_METHOD_MATCH = YES;
				COPY_PHASE_STRIP = NO;
				DEBUG_INFORMATION_FORMAT = "dwarf-with-dsym";
				ENABLE_NS_ASSERTIONS = NO;
				ENABLE_STRICT_OBJC_MSGSEND = YES;
				GCC_C_LANGUAGE_STANDARD = gnu11;
				GCC_NO_COMMON_BLOCKS = YES;
				GCC_WARN_64_TO_32_BIT_CONVERSION = YES;
				GCC_WARN_ABOUT_RETURN_TYPE = YES_ERROR;
				GCC_WARN_UNDECLARED_SELECTOR = YES;
				GCC_WARN_UNINITIALIZED_AUTOS = YES_AGGRESSIVE;
				GCC_WARN_UNUSED_FUNCTION = YES;
				GCC_WARN_UNUSED_VARIABLE = YES;
				IPHONEOS_DEPLOYMENT_TARGET = 15.4;
				MTL_ENABLE_DEBUG_INFO = NO;
				MTL_FAST_MATH = YES;
				SDKROOT = iphoneos;
				SWIFT_COMPILATION_MODE = wholemodule;
				SWIFT_OPTIMIZATION_LEVEL = "-O";
				VALIDATE_PRODUCT = YES;
			};
			name = Release;
		};
		F05CA1D8284FAA8100844B08 /* Debug */ = {
			isa = XCBuildConfiguration;
			baseConfigurationReference = 2E4F5DD2644675FE6A659216 /* Pods-TestCalendar.debug.xcconfig */;
			buildSettings = {
				ASSETCATALOG_COMPILER_APPICON_NAME = AppIcon;
				ASSETCATALOG_COMPILER_GLOBAL_ACCENT_COLOR_NAME = AccentColor;
				CODE_SIGN_STYLE = Automatic;
				CURRENT_PROJECT_VERSION = 1;
				DEVELOPMENT_TEAM = 784J694B86;
				GENERATE_INFOPLIST_FILE = YES;
				INFOPLIST_FILE = TestCalendar/Info.plist;
				INFOPLIST_KEY_UIApplicationSupportsIndirectInputEvents = YES;
				INFOPLIST_KEY_UILaunchStoryboardName = LaunchScreen;
				INFOPLIST_KEY_UIMainStoryboardFile = Main;
				INFOPLIST_KEY_UISupportedInterfaceOrientations_iPad = "UIInterfaceOrientationPortrait UIInterfaceOrientationPortraitUpsideDown UIInterfaceOrientationLandscapeLeft UIInterfaceOrientationLandscapeRight";
				INFOPLIST_KEY_UISupportedInterfaceOrientations_iPhone = "UIInterfaceOrientationPortrait UIInterfaceOrientationLandscapeLeft UIInterfaceOrientationLandscapeRight";
				LD_RUNPATH_SEARCH_PATHS = (
					"$(inherited)",
					"@executable_path/Frameworks",
				);
				MARKETING_VERSION = 1.0;
				PRODUCT_BUNDLE_IDENTIFIER = com.davin.TestCalendar;
				PRODUCT_NAME = "$(TARGET_NAME)";
				SWIFT_EMIT_LOC_STRINGS = YES;
				SWIFT_VERSION = 5.0;
				TARGETED_DEVICE_FAMILY = "1,2";
			};
			name = Debug;
		};
		F05CA1D9284FAA8100844B08 /* Release */ = {
			isa = XCBuildConfiguration;
			baseConfigurationReference = 19D37A9682DFA3D8957776F6 /* Pods-TestCalendar.release.xcconfig */;
			buildSettings = {
				ASSETCATALOG_COMPILER_APPICON_NAME = AppIcon;
				ASSETCATALOG_COMPILER_GLOBAL_ACCENT_COLOR_NAME = AccentColor;
				CODE_SIGN_STYLE = Automatic;
				CURRENT_PROJECT_VERSION = 1;
				DEVELOPMENT_TEAM = 784J694B86;
				GENERATE_INFOPLIST_FILE = YES;
				INFOPLIST_FILE = TestCalendar/Info.plist;
				INFOPLIST_KEY_UIApplicationSupportsIndirectInputEvents = YES;
				INFOPLIST_KEY_UILaunchStoryboardName = LaunchScreen;
				INFOPLIST_KEY_UIMainStoryboardFile = Main;
				INFOPLIST_KEY_UISupportedInterfaceOrientations_iPad = "UIInterfaceOrientationPortrait UIInterfaceOrientationPortraitUpsideDown UIInterfaceOrientationLandscapeLeft UIInterfaceOrientationLandscapeRight";
				INFOPLIST_KEY_UISupportedInterfaceOrientations_iPhone = "UIInterfaceOrientationPortrait UIInterfaceOrientationLandscapeLeft UIInterfaceOrientationLandscapeRight";
				LD_RUNPATH_SEARCH_PATHS = (
					"$(inherited)",
					"@executable_path/Frameworks",
				);
				MARKETING_VERSION = 1.0;
				PRODUCT_BUNDLE_IDENTIFIER = com.davin.TestCalendar;
				PRODUCT_NAME = "$(TARGET_NAME)";
				SWIFT_EMIT_LOC_STRINGS = YES;
				SWIFT_VERSION = 5.0;
				TARGETED_DEVICE_FAMILY = "1,2";
			};
			name = Release;
		};
/* End XCBuildConfiguration section */

/* Begin XCConfigurationList section */
		F05CA1BB284FAA8000844B08 /* Build configuration list for PBXProject "TestCalendar" */ = {
			isa = XCConfigurationList;
			buildConfigurations = (
				F05CA1D5284FAA8100844B08 /* Debug */,
				F05CA1D6284FAA8100844B08 /* Release */,
			);
			defaultConfigurationIsVisible = 0;
			defaultConfigurationName = Release;
		};
		F05CA1D7284FAA8100844B08 /* Build configuration list for PBXNativeTarget "TestCalendar" */ = {
			isa = XCConfigurationList;
			buildConfigurations = (
				F05CA1D8284FAA8100844B08 /* Debug */,
				F05CA1D9284FAA8100844B08 /* Release */,
			);
			defaultConfigurationIsVisible = 0;
			defaultConfigurationName = Release;
		};
/* End XCConfigurationList section */

/* Begin XCVersionGroup section */
		F05CA1CC284FAA8000844B08 /* TestCalendar.xcdatamodeld */ = {
			isa = XCVersionGroup;
			children = (
				F05CA1CD284FAA8000844B08 /* TestCalendar.xcdatamodel */,
			);
			currentVersion = F05CA1CD284FAA8000844B08 /* TestCalendar.xcdatamodel */;
			path = TestCalendar.xcdatamodeld;
			sourceTree = "<group>";
			versionGroupType = wrapper.xcdatamodel;
		};
/* End XCVersionGroup section */
	};
	rootObject = F05CA1B8284FAA8000844B08 /* Project object */;
}
